
Microsoft Visual Studio Solution File, Format Version 12.00
# Visual Studio Version 17
VisualStudioVersion = 17.8.34525.116
MinimumVisualStudioVersion = 10.0.40219.1
Project("{FAE04EC0-301F-11D3-BF4B-00C04F79EFBC}") = "ExemploDicionario", "ExemploDicionario.csproj", "{051B1F49-116A-41AB-82D5-642C95EDCE8C}"
EndProject
Global
	GlobalSection(SolutionConfigurationPlatforms) = preSolution
		Debug|Any CPU = Debug|Any CPU
		Release|Any CPU = Release|Any CPU
	EndGlobalSection
	GlobalSection(ProjectConfigurationPlatforms) = postSolution
		{051B1F49-116A-41AB-82D5-642C95EDCE8C}.Debug|Any CPU.ActiveCfg = Debug|Any CPU
		{051B1F49-116A-41AB-82D5-642C95EDCE8C}.Debug|Any CPU.Build.0 = Debug|Any CPU
		{051B1F49-116A-41AB-82D5-642C95EDCE8C}.Release|Any CPU.ActiveCfg = Release|Any CPU
		{051B1F49-116A-41AB-82D5-642C95EDCE8C}.Release|Any CPU.Build.0 = Release|Any CPU
	EndGlobalSection
	GlobalSection(SolutionProperties) = preSolution
		HideSolutionNode = FALSE
	EndGlobalSection
	GlobalSection(ExtensibilityGlobals) = postSolution
		SolutionGuid = {B6E06A2E-277A-4065-95DF-21488ABD3861}
	EndGlobalSection
EndGlobal
