
Microsoft Visual Studio Solution File, Format Version 12.00
# Visual Studio Version 17
VisualStudioVersion = 17.8.34525.116
MinimumVisualStudioVersion = 10.0.40219.1
Project("{FAE04EC0-301F-11D3-BF4B-00C04F79EFBC}") = "ExemploLista", "ExemploLista.csproj", "{38C63694-53A4-4633-A2EE-4823E0C77F0B}"
EndProject
Global
	GlobalSection(SolutionConfigurationPlatforms) = preSolution
		Debug|Any CPU = Debug|Any CPU
		Release|Any CPU = Release|Any CPU
	EndGlobalSection
	GlobalSection(ProjectConfigurationPlatforms) = postSolution
		{38C63694-53A4-4633-A2EE-4823E0C77F0B}.Debug|Any CPU.ActiveCfg = Debug|Any CPU
		{38C63694-53A4-4633-A2EE-4823E0C77F0B}.Debug|Any CPU.Build.0 = Debug|Any CPU
		{38C63694-53A4-4633-A2EE-4823E0C77F0B}.Release|Any CPU.ActiveCfg = Release|Any CPU
		{38C63694-53A4-4633-A2EE-4823E0C77F0B}.Release|Any CPU.Build.0 = Release|Any CPU
	EndGlobalSection
	GlobalSection(SolutionProperties) = preSolution
		HideSolutionNode = FALSE
	EndGlobalSection
	GlobalSection(ExtensibilityGlobals) = postSolution
		SolutionGuid = {34FF2DE6-C38D-43E6-8DAB-D5713BB7009D}
	EndGlobalSection
EndGlobal
