
Microsoft Visual Studio Solution File, Format Version 12.00
# Visual Studio Version 17
VisualStudioVersion = 17.8.34525.116
MinimumVisualStudioVersion = 10.0.40219.1
Project("{FAE04EC0-301F-11D3-BF4B-00C04F79EFBC}") = "Tupla", "Tupla.csproj", "{11C40F67-86AA-4122-AC01-014415288259}"
EndProject
Global
	GlobalSection(SolutionConfigurationPlatforms) = preSolution
		Debug|Any CPU = Debug|Any CPU
		Release|Any CPU = Release|Any CPU
	EndGlobalSection
	GlobalSection(ProjectConfigurationPlatforms) = postSolution
		{11C40F67-86AA-4122-AC01-014415288259}.Debug|Any CPU.ActiveCfg = Debug|Any CPU
		{11C40F67-86AA-4122-AC01-014415288259}.Debug|Any CPU.Build.0 = Debug|Any CPU
		{11C40F67-86AA-4122-AC01-014415288259}.Release|Any CPU.ActiveCfg = Release|Any CPU
		{11C40F67-86AA-4122-AC01-014415288259}.Release|Any CPU.Build.0 = Release|Any CPU
	EndGlobalSection
	GlobalSection(SolutionProperties) = preSolution
		HideSolutionNode = FALSE
	EndGlobalSection
	GlobalSection(ExtensibilityGlobals) = postSolution
		SolutionGuid = {B711C4F8-9BF1-4004-8593-5DEBA28F98F7}
	EndGlobalSection
EndGlobal
